
Microsoft Visual Studio Solution File, Format Version 12.00
# Visual Studio Version 17
VisualStudioVersion = 17.7.34031.279
MinimumVisualStudioVersion = 10.0.40219.1
Project("{FAE04EC0-301F-11D3-BF4B-00C04F79EFBC}") = "WpfAppClass231123", "WpfAppClass231123.csproj", "{ADAE54D6-2970-4C2D-9632-D6CF2B294BD5}"
EndProject
Global
	GlobalSection(SolutionConfigurationPlatforms) = preSolution
		Debug|Any CPU = Debug|Any CPU
		Release|Any CPU = Release|Any CPU
	EndGlobalSection
	GlobalSection(ProjectConfigurationPlatforms) = postSolution
		{ADAE54D6-2970-4C2D-9632-D6CF2B294BD5}.Debug|Any CPU.ActiveCfg = Debug|Any CPU
		{ADAE54D6-2970-4C2D-9632-D6CF2B294BD5}.Debug|Any CPU.Build.0 = Debug|Any CPU
		{ADAE54D6-2970-4C2D-9632-D6CF2B294BD5}.Release|Any CPU.ActiveCfg = Release|Any CPU
		{ADAE54D6-2970-4C2D-9632-D6CF2B294BD5}.Release|Any CPU.Build.0 = Release|Any CPU
	EndGlobalSection
	GlobalSection(SolutionProperties) = preSolution
		HideSolutionNode = FALSE
	EndGlobalSection
	GlobalSection(ExtensibilityGlobals) = postSolution
		SolutionGuid = {8BD103E7-29B7-4D7F-9112-ED5AAB563034}
	EndGlobalSection
EndGlobal
